Microsoft Visual Studio Solution File, Format Version 12.00
# Visual Studio Version 17
VisualStudioVersion = 17.5.2.0
MinimumVisualStudioVersion = 10.0.40219.1
Project("{FAE04EC0-301F-11D3-BF4B-00C04F79EFBC}") = "BusManagmentSystem", "BusManagmentSystem\BusManagmentSystem.csproj", "{E06869FF-DAD6-0BF9-2102-CC58CB555CB3}"
EndProject
Global
	GlobalSection(SolutionConfigurationPlatforms) = preSolution
		Debug|Any CPU = Debug|Any CPU
		Release|Any CPU = Release|Any CPU
	EndGlobalSection
	GlobalSection(ProjectConfigurationPlatforms) = postSolution
		{E06869FF-DAD6-0BF9-2102-CC58CB555CB3}.Debug|Any CPU.ActiveCfg = Debug|Any CPU
		{E06869FF-DAD6-0BF9-2102-CC58CB555CB3}.Debug|Any CPU.Build.0 = Debug|Any CPU
		{E06869FF-DAD6-0BF9-2102-CC58CB555CB3}.Release|Any CPU.ActiveCfg = Release|Any CPU
		{E06869FF-DAD6-0BF9-2102-CC58CB555CB3}.Release|Any CPU.Build.0 = Release|Any CPU
	EndGlobalSection
	GlobalSection(SolutionProperties) = preSolution
		HideSolutionNode = FALSE
	EndGlobalSection
	GlobalSection(ExtensibilityGlobals) = postSolution
		SolutionGuid = {FE1D7D5C-B675-46B8-A54E-A92E7E9D177C}
	EndGlobalSection
EndGlobal
